
Microsoft Visual Studio Solution File, Format Version 12.00
# Visual Studio Version 16
VisualStudioVersion = 16.0.32428.217
MinimumVisualStudioVersion = 10.0.40219.1
Project("{FAE04EC0-301F-11D3-BF4B-00C04F79EFBC}") = "diagonalDifference", "diagonalDifference.csproj", "{AF023C83-7692-424A-9E09-3A71CA2894BF}"
EndProject
Global
	GlobalSection(SolutionConfigurationPlatforms) = preSolution
		Debug|Any CPU = Debug|Any CPU
		Release|Any CPU = Release|Any CPU
	EndGlobalSection
	GlobalSection(ProjectConfigurationPlatforms) = postSolution
		{AF023C83-7692-424A-9E09-3A71CA2894BF}.Debug|Any CPU.ActiveCfg = Debug|Any CPU
		{AF023C83-7692-424A-9E09-3A71CA2894BF}.Debug|Any CPU.Build.0 = Debug|Any CPU
		{AF023C83-7692-424A-9E09-3A71CA2894BF}.Release|Any CPU.ActiveCfg = Release|Any CPU
		{AF023C83-7692-424A-9E09-3A71CA2894BF}.Release|Any CPU.Build.0 = Release|Any CPU
	EndGlobalSection
	GlobalSection(SolutionProperties) = preSolution
		HideSolutionNode = FALSE
	EndGlobalSection
	GlobalSection(ExtensibilityGlobals) = postSolution
		SolutionGuid = {3BF146A4-762B-4BB9-BAC9-B188849305E1}
	EndGlobalSection
EndGlobal
